
Microsoft Visual Studio Solution File, Format Version 12.00
# Visual Studio 15
VisualStudioVersion = 15.0.28307.1500
MinimumVisualStudioVersion = 10.0.40219.1
Project("{FAE04EC0-301F-11D3-BF4B-00C04F79EFBC}") = "MTalk_Client", "MTalk_Client\MTalk_Client.csproj", "{4F7B0BF1-ADD9-4B2F-953E-29E8665E401A}"
EndProject
Project("{FAE04EC0-301F-11D3-BF4B-00C04F79EFBC}") = "MTalk_Sever", "MTalk_Sever\MTalk_Sever.csproj", "{B59391A1-8B64-42F5-ACF9-16B1D2C375AB}"
EndProject
Global
	GlobalSection(SolutionConfigurationPlatforms) = preSolution
		Debug|Any CPU = Debug|Any CPU
		Release|Any CPU = Release|Any CPU
	EndGlobalSection
	GlobalSection(ProjectConfigurationPlatforms) = postSolution
		{4F7B0BF1-ADD9-4B2F-953E-29E8665E401A}.Debug|Any CPU.ActiveCfg = Debug|Any CPU
		{4F7B0BF1-ADD9-4B2F-953E-29E8665E401A}.Debug|Any CPU.Build.0 = Debug|Any CPU
		{4F7B0BF1-ADD9-4B2F-953E-29E8665E401A}.Release|Any CPU.ActiveCfg = Release|Any CPU
		{4F7B0BF1-ADD9-4B2F-953E-29E8665E401A}.Release|Any CPU.Build.0 = Release|Any CPU
		{B59391A1-8B64-42F5-ACF9-16B1D2C375AB}.Debug|Any CPU.ActiveCfg = Debug|Any CPU
		{B59391A1-8B64-42F5-ACF9-16B1D2C375AB}.Debug|Any CPU.Build.0 = Debug|Any CPU
		{B59391A1-8B64-42F5-ACF9-16B1D2C375AB}.Release|Any CPU.ActiveCfg = Release|Any CPU
		{B59391A1-8B64-42F5-ACF9-16B1D2C375AB}.Release|Any CPU.Build.0 = Release|Any CPU
	EndGlobalSection
	GlobalSection(SolutionProperties) = preSolution
		HideSolutionNode = FALSE
	EndGlobalSection
	GlobalSection(ExtensibilityGlobals) = postSolution
		SolutionGuid = {0F153787-C7B4-4433-8DE2-5B6D5C423845}
	EndGlobalSection
EndGlobal
